
Microsoft Visual Studio Solution File, Format Version 12.00
# Visual Studio Version 17
VisualStudioVersion = 17.2.32516.85
MinimumVisualStudioVersion = 10.0.40219.1
Project("{9A19103F-16F7-4668-BE54-9A1E7A4F7556}") = "UserRegistration_Day19", "UserRegistration_Day19\UserRegistration_Day19.csproj", "{43E8C187-0F71-4571-86DD-620CFEBDD4A0}"
EndProject
Project("{FAE04EC0-301F-11D3-BF4B-00C04F79EFBC}") = "UserEmailTest", "UserEmailTest\UserEmailTest.csproj", "{480671F7-E7FA-48BF-B12A-2CA415A13E79}"
EndProject
Global
	GlobalSection(SolutionConfigurationPlatforms) = preSolution
		Debug|Any CPU = Debug|Any CPU
		Release|Any CPU = Release|Any CPU
	EndGlobalSection
	GlobalSection(ProjectConfigurationPlatforms) = postSolution
		{43E8C187-0F71-4571-86DD-620CFEBDD4A0}.Debug|Any CPU.ActiveCfg = Debug|Any CPU
		{43E8C187-0F71-4571-86DD-620CFEBDD4A0}.Debug|Any CPU.Build.0 = Debug|Any CPU
		{43E8C187-0F71-4571-86DD-620CFEBDD4A0}.Release|Any CPU.ActiveCfg = Release|Any CPU
		{43E8C187-0F71-4571-86DD-620CFEBDD4A0}.Release|Any CPU.Build.0 = Release|Any CPU
		{480671F7-E7FA-48BF-B12A-2CA415A13E79}.Debug|Any CPU.ActiveCfg = Debug|Any CPU
		{480671F7-E7FA-48BF-B12A-2CA415A13E79}.Debug|Any CPU.Build.0 = Debug|Any CPU
		{480671F7-E7FA-48BF-B12A-2CA415A13E79}.Release|Any CPU.ActiveCfg = Release|Any CPU
		{480671F7-E7FA-48BF-B12A-2CA415A13E79}.Release|Any CPU.Build.0 = Release|Any CPU
	EndGlobalSection
	GlobalSection(SolutionProperties) = preSolution
		HideSolutionNode = FALSE
	EndGlobalSection
	GlobalSection(ExtensibilityGlobals) = postSolution
		SolutionGuid = {7ED61BF0-CBFE-49D0-98A4-BE03AE05F600}
	EndGlobalSection
EndGlobal
